
Microsoft Visual Studio Solution File, Format Version 12.00
# Visual Studio 15
VisualStudioVersion = 15.0.27703.2042
MinimumVisualStudioVersion = 10.0.40219.1
Project("{9A19103F-16F7-4668-BE54-9A1E7A4F7556}") = "CodeWars", "CodeWars\CodeWars.csproj", "{479C33A6-6E59-468F-99E3-9564246A4FEC}"
EndProject
Project("{FAE04EC0-301F-11D3-BF4B-00C04F79EFBC}") = "CodeWars.Tests", "CodeWars.Tests\CodeWars.Tests.csproj", "{73029A5C-6C0F-4884-8A2B-74AE0418AF25}"
EndProject
Global
	GlobalSection(SolutionConfigurationPlatforms) = preSolution
		Debug|Any CPU = Debug|Any CPU
		Release|Any CPU = Release|Any CPU
	EndGlobalSection
	GlobalSection(ProjectConfigurationPlatforms) = postSolution
		{479C33A6-6E59-468F-99E3-9564246A4FEC}.Debug|Any CPU.ActiveCfg = Debug|Any CPU
		{479C33A6-6E59-468F-99E3-9564246A4FEC}.Debug|Any CPU.Build.0 = Debug|Any CPU
		{479C33A6-6E59-468F-99E3-9564246A4FEC}.Release|Any CPU.ActiveCfg = Release|Any CPU
		{479C33A6-6E59-468F-99E3-9564246A4FEC}.Release|Any CPU.Build.0 = Release|Any CPU
		{73029A5C-6C0F-4884-8A2B-74AE0418AF25}.Debug|Any CPU.ActiveCfg = Debug|Any CPU
		{73029A5C-6C0F-4884-8A2B-74AE0418AF25}.Debug|Any CPU.Build.0 = Debug|Any CPU
		{73029A5C-6C0F-4884-8A2B-74AE0418AF25}.Release|Any CPU.ActiveCfg = Release|Any CPU
		{73029A5C-6C0F-4884-8A2B-74AE0418AF25}.Release|Any CPU.Build.0 = Release|Any CPU
	EndGlobalSection
	GlobalSection(SolutionProperties) = preSolution
		HideSolutionNode = FALSE
	EndGlobalSection
	GlobalSection(ExtensibilityGlobals) = postSolution
		SolutionGuid = {800798EC-5174-4898-BCE7-9FBEEBDAA690}
	EndGlobalSection
EndGlobal
